
Microsoft Visual Studio Solution File, Format Version 12.00
# Visual Studio Version 17
VisualStudioVersion = 17.14.36414.22 d17.14
MinimumVisualStudioVersion = 10.0.40219.1
Project("{FAE04EC0-301F-11D3-BF4B-00C04F79EFBC}") = "Black Jack Simulator", "Black Jack Simulator.csproj", "{E750491E-0F25-4E98-90A5-8340BF75BDF6}"
EndProject
Global
	GlobalSection(SolutionConfigurationPlatforms) = preSolution
		Debug|Any CPU = Debug|Any CPU
		Release|Any CPU = Release|Any CPU
	EndGlobalSection
	GlobalSection(ProjectConfigurationPlatforms) = postSolution
		{E750491E-0F25-4E98-90A5-8340BF75BDF6}.Debug|Any CPU.ActiveCfg = Debug|Any CPU
		{E750491E-0F25-4E98-90A5-8340BF75BDF6}.Debug|Any CPU.Build.0 = Debug|Any CPU
		{E750491E-0F25-4E98-90A5-8340BF75BDF6}.Release|Any CPU.ActiveCfg = Release|Any CPU
		{E750491E-0F25-4E98-90A5-8340BF75BDF6}.Release|Any CPU.Build.0 = Release|Any CPU
	EndGlobalSection
	GlobalSection(SolutionProperties) = preSolution
		HideSolutionNode = FALSE
	EndGlobalSection
	GlobalSection(ExtensibilityGlobals) = postSolution
		SolutionGuid = {A3816310-7003-424F-8118-BED3799163F0}
	EndGlobalSection
EndGlobal
