
Microsoft Visual Studio Solution File, Format Version 12.00
# Visual Studio Version 17
VisualStudioVersion = 17.14.36414.22 d17.14
MinimumVisualStudioVersion = 10.0.40219.1
Project("{FAE04EC0-301F-11D3-BF4B-00C04F79EFBC}") = "Lab Test 1", "Lab Test 1.csproj", "{D361141A-9ACD-4207-88FD-27C337F5ABC9}"
EndProject
Global
	GlobalSection(SolutionConfigurationPlatforms) = preSolution
		Debug|Any CPU = Debug|Any CPU
		Release|Any CPU = Release|Any CPU
	EndGlobalSection
	GlobalSection(ProjectConfigurationPlatforms) = postSolution
		{D361141A-9ACD-4207-88FD-27C337F5ABC9}.Debug|Any CPU.ActiveCfg = Debug|Any CPU
		{D361141A-9ACD-4207-88FD-27C337F5ABC9}.Debug|Any CPU.Build.0 = Debug|Any CPU
		{D361141A-9ACD-4207-88FD-27C337F5ABC9}.Release|Any CPU.ActiveCfg = Release|Any CPU
		{D361141A-9ACD-4207-88FD-27C337F5ABC9}.Release|Any CPU.Build.0 = Release|Any CPU
	EndGlobalSection
	GlobalSection(SolutionProperties) = preSolution
		HideSolutionNode = FALSE
	EndGlobalSection
	GlobalSection(ExtensibilityGlobals) = postSolution
		SolutionGuid = {5CE8DD41-F4D6-4368-8FA8-8AD8BB9F5DDF}
	EndGlobalSection
EndGlobal
